// !$*UTF8*$!
{
	archiveVersion = 1;
	classes = {
	};
	objectVersion = 46;
	objects = {

/* Begin PBXBuildFile section */
		B2C33F2A1E79DD310085BDC6 /* AppDelegate.swift in Sources */ = {isa = PBXBuildFile; fileRef = B2C33F291E79DD310085BDC6 /* AppDelegate.swift */; };
		B2C33F2C1E79DD310085BDC6 /* ViewController.swift in Sources */ = {isa = PBXBuildFile; fileRef = B2C33F2B1E79DD310085BDC6 /* ViewController.swift */; };
		B2C33F2F1E79DD310085BDC6 /* Main.storyboard in Resources */ = {isa = PBXBuildFile; fileRef = B2C33F2D1E79DD310085BDC6 /* Main.storyboard */; };
		B2C33F311E79DD310085BDC6 /* Assets.xcassets in Resources */ = {isa = PBXBuildFile; fileRef = B2C33F301E79DD310085BDC6 /* Assets.xcassets */; };
		B2C33F341E79DD310085BDC6 /* LaunchScreen.storyboard in Resources */ = {isa = PBXBuildFile; fileRef = B2C33F321E79DD310085BDC6 /* LaunchScreen.storyboard */; };
/* End PBXBuildFile section */

/* Begin PBXFileReference section */
		B2C33F261E79DD310085BDC6 /* RainbowRoad.app */ = {isa = PBXFileReference; explicitFileType = wrapper.application; includeInIndex = 0; path = RainbowRoad.app; sourceTree = BUILT_PRODUCTS_DIR; };
		B2C33F291E79DD310085BDC6 /* AppDelegate.swift */ = {isa = PBXFileReference; lastKnownFileType = sourcecode.swift; path = AppDelegate.swift; sourceTree = "<group>"; };
		B2C33F2B1E79DD310085BDC6 /* ViewController.swift */ = {isa = PBXFileReference; lastKnownFileType = sourcecode.swift; path = ViewController.swift; sourceTree = "<group>"; };
		B2C33F2E1E79DD310085BDC6 /* Base */ = {isa = PBXFileReference; lastKnownFileType = file.storyboard; name = Base; path = Base.lproj/Main.storyboard; sourceTree = "<group>"; };
		B2C33F301E79DD310085BDC6 /* Assets.xcassets */ = {isa = PBXFileReference; lastKnownFileType = folder.assetcatalog; path = Assets.xcassets; sourceTree = "<group>"; };
		B2C33F331E79DD310085BDC6 /* Base */ = {isa = PBXFileReference; lastKnownFileType = file.storyboard; name = Base; path = Base.lproj/LaunchScreen.storyboard; sourceTree = "<group>"; };
		B2C33F351E79DD310085BDC6 /* Info.plist */ = {isa = PBXFileReference; lastKnownFileType = text.plist.xml; path = Info.plist; sourceTree = "<group>"; };
/* End PBXFileReference section */

/* Begin PBXFrameworksBuildPhase section */
		B2C33F231E79DD310085BDC6 /* Frameworks */ = {
			isa = PBXFrameworksBuildPhase;
			buildActionMask = 2147483647;
			files = (
			);
			runOnlyForDeploymentPostprocessing = 0;
		};
/* End PBXFrameworksBuildPhase section */

/* Begin PBXGroup section */
		B2C33F1D1E79DD310085BDC6 = {
			isa = PBXGroup;
			children = (
				B2C33F281E79DD310085BDC6 /* RainbowRoad */,
				B2C33F271E79DD310085BDC6 /* Products */,
			);
			sourceTree = "<group>";
		};
		B2C33F271E79DD310085BDC6 /* Products */ = {
			isa = PBXGroup;
			children = (
				B2C33F261E79DD310085BDC6 /* RainbowRoad.app */,
			);
			name = Products;
			sourceTree = "<group>";
		};
		B2C33F281E79DD310085BDC6 /* RainbowRoad */ = {
			isa = PBXGroup;
			children = (
				B2C33F291E79DD310085BDC6 /* AppDelegate.swift */,
				B2C33F2B1E79DD310085BDC6 /* ViewController.swift */,
				B2C33F2D1E79DD310085BDC6 /* Main.storyboard */,
				B2C33F301E79DD310085BDC6 /* Assets.xcassets */,
				B2C33F321E79DD310085BDC6 /* LaunchScreen.storyboard */,
				B2C33F351E79DD310085BDC6 /* Info.plist */,
			);
			path = RainbowRoad;
			sourceTree = "<group>";
		};
/* End PBXGroup section */

/* Begin PBXNativeTarget section */
		B2C33F251E79DD310085BDC6 /* RainbowRoad */ = {
			isa = PBXNativeTarget;
			buildConfigurationList = B2C33F381E79DD310085BDC6 /* Build configuration list for PBXNativeTarget "RainbowRoad" */;
			buildPhases = (
				B2C33F221E79DD310085BDC6 /* Sources */,
				B2C33F231E79DD310085BDC6 /* Frameworks */,
				B2C33F241E79DD310085BDC6 /* Resources */,
			);
			buildRules = (
			);
			dependencies = (
			);
			name = RainbowRoad;
			productName = RainbowRoad;
			productReference = B2C33F261E79DD310085BDC6 /* RainbowRoad.app */;
			productType = "com.apple.product-type.application";
		};
/* End PBXNativeTarget section */

/* Begin PBXProject section */
		B2C33F1E1E79DD310085BDC6 /* Project object */ = {
			isa = PBXProject;
			attributes = {
				LastSwiftUpdateCheck = 0820;
				LastUpgradeCheck = 0820;
				ORGANIZATIONNAME = "Jonathan Salin Lee";
				TargetAttributes = {
					B2C33F251E79DD310085BDC6 = {
						CreatedOnToolsVersion = 8.2.1;
						DevelopmentTeam = K7HCY2VAD5;
						ProvisioningStyle = Automatic;
					};
				};
			};
			buildConfigurationList = B2C33F211E79DD310085BDC6 /* Build configuration list for PBXProject "RainbowRoad" */;
			compatibilityVersion = "Xcode 3.2";
			developmentRegion = English;
			hasScannedForEncodings = 0;
			knownRegions = (
				en,
				Base,
			);
			mainGroup = B2C33F1D1E79DD310085BDC6;
			productRefGroup = B2C33F271E79DD310085BDC6 /* Products */;
			projectDirPath = "";
			projectRoot = "";
			targets = (
				B2C33F251E79DD310085BDC6 /* RainbowRoad */,
			);
		};
/* End PBXProject section */

/* Begin PBXResourcesBuildPhase section */
		B2C33F241E79DD310085BDC6 /* Resources */ = {
			isa = PBXResourcesBuildPhase;
			buildActionMask = 2147483647;
			files = (
				B2C33F341E79DD310085BDC6 /* LaunchScreen.storyboard in Resources */,
				B2C33F311E79DD310085BDC6 /* Assets.xcassets in Resources */,
				B2C33F2F1E79DD310085BDC6 /* Main.storyboard in Resources */,
			);
			runOnlyForDeploymentPostprocessing = 0;
		};
/* End PBXResourcesBuildPhase section */

/* Begin PBXSourcesBuildPhase section */
		B2C33F221E79DD310085BDC6 /* Sources */ = {
			isa = PBXSourcesBuildPhase;
			buildActionMask = 2147483647;
			files = (
				B2C33F2C1E79DD310085BDC6 /* ViewController.swift in Sources */,
				B2C33F2A1E79DD310085BDC6 /* AppDelegate.swift in Sources */,
			);
			runOnlyForDeploymentPostprocessing = 0;
		};
/* End PBXSourcesBuildPhase section */

/* Begin PBXVariantGroup section */
		B2C33F2D1E79DD310085BDC6 /* Main.storyboard */ = {
			isa = PBXVariantGroup;
			children = (
				B2C33F2E1E79DD310085BDC6 /* Base */,
			);
			name = Main.storyboard;
			sourceTree = "<group>";
		};
		B2C33F321E79DD310085BDC6 /* LaunchScreen.storyboard */ = {
			isa = PBXVariantGroup;
			children = (
				B2C33F331E79DD310085BDC6 /* Base */,
			);
			name = LaunchScreen.storyboard;
			sourceTree = "<group>";
		};
/* End PBXVariantGroup section */

/* Begin XCBuildConfiguration section */
		B2C33F361E79DD310085BDC6 /* Debug */ = {
			isa = XCBuildConfiguration;
			buildSettings = {
				ALWAYS_SEARCH_USER_PATHS = NO;
				CLANG_ANALYZER_NONNULL = YES;
				CLANG_CXX_LANGUAGE_STANDARD = "gnu++0x";
				CLANG_CXX_LIBRARY = "libc++";
				CLANG_ENABLE_MODULES = YES;
				CLANG_ENABLE_OBJC_ARC = YES;
				CLANG_WARN_BOOL_CONVERSION = YES;
				CLANG_WARN_CONSTANT_CONVERSION = YES;
				CLANG_WARN_DIRECT_OBJC_ISA_USAGE = YES_ERROR;
				CLANG_WARN_DOCUMENTATION_COMMENTS = YES;
				CLANG_WARN_EMPTY_BODY = YES;
				CLANG_WARN_ENUM_CONVERSION = YES;
				CLANG_WARN_INFINITE_RECURSION = YES;
				CLANG_WARN_INT_CONVERSION = YES;
				CLANG_WARN_OBJC_ROOT_CLASS = YES_ERROR;
				CLANG_WARN_SUSPICIOUS_MOVE = YES;
				CLANG_WARN_UNREACHABLE_CODE = YES;
				CLANG_WARN__DUPLICATE_METHOD_MATCH = YES;
				"CODE_SIGN_IDENTITY[sdk=iphoneos*]" = "iPhone Developer";
				COPY_PHASE_STRIP = NO;
				DEBUG_INFORMATION_FORMAT = dwarf;
				ENABLE_STRICT_OBJC_MSGSEND = YES;
				ENABLE_TESTABILITY = YES;
				GCC_C_LANGUAGE_STANDARD = gnu99;
				GCC_DYNAMIC_NO_PIC = NO;
				GCC_NO_COMMON_BLOCKS = YES;
				GCC_OPTIMIZATION_LEVEL = 0;
				GCC_PREPROCESSOR_DEFINITIONS = (
					"DEBUG=1",
					"$(inherited)",
				);
				GCC_WARN_64_TO_32_BIT_CONVERSION = YES;
				GCC_WARN_ABOUT_RETURN_TYPE = YES_ERROR;
				GCC_WARN_UNDECLARED_SELECTOR = YES;
				GCC_WARN_UNINITIALIZED_AUTOS = YES_AGGRESSIVE;
				GCC_WARN_UNUSED_FUNCTION = YES;
				GCC_WARN_UNUSED_VARIABLE = YES;
				IPHONEOS_DEPLOYMENT_TARGET = 10.2;
				MTL_ENABLE_DEBUG_INFO = YES;
				ONLY_ACTIVE_ARCH = YES;
				SDKROOT = iphoneos;
				SWIFT_ACTIVE_COMPILATION_CONDITIONS = DEBUG;
				SWIFT_OPTIMIZATION_LEVEL = "-Onone";
				TARGETED_DEVICE_FAMILY = "1,2";
			};
			name = Debug;
		};
		B2C33F371E79DD310085BDC6 /* Release */ = {
			isa = XCBuildConfiguration;
			buildSettings = {
				ALWAYS_SEARCH_USER_PATHS = NO;
				CLANG_ANALYZER_NONNULL = YES;
				CLANG_CXX_LANGUAGE_STANDARD = "gnu++0x";
				CLANG_CXX_LIBRARY = "libc++";
				CLANG_ENABLE_MODULES = YES;
				CLANG_ENABLE_OBJC_ARC = YES;
				CLANG_WARN_BOOL_CONVERSION = YES;
				CLANG_WARN_CONSTANT_CONVERSION = YES;
				CLANG_WARN_DIRECT_OBJC_ISA_USAGE = YES_ERROR;
				CLANG_WARN_DOCUMENTATION_COMMENTS = YES;
				CLANG_WARN_EMPTY_BODY = YES;
				CLANG_WARN_ENUM_CONVERSION = YES;
				CLANG_WARN_INFINITE_RECURSION = YES;
				CLANG_WARN_INT_CONVERSION = YES;
				CLANG_WARN_OBJC_ROOT_CLASS = YES_ERROR;
				CLANG_WARN_SUSPICIOUS_MOVE = YES;
				CLANG_WARN_UNREACHABLE_CODE = YES;
				CLANG_WARN__DUPLICATE_METHOD_MATCH = YES;
				"CODE_SIGN_IDENTITY[sdk=iphoneos*]" = "iPhone Developer";
				COPY_PHASE_STRIP = NO;
				DEBUG_INFORMATION_FORMAT = "dwarf-with-dsym";
				ENABLE_NS_ASSERTIONS = NO;
				ENABLE_STRICT_OBJC_MSGSEND = YES;
				GCC_C_LANGUAGE_STANDARD = gnu99;
				GCC_NO_COMMON_BLOCKS = YES;
				GCC_WARN_64_TO_32_BIT_CONVERSION = YES;
				GCC_WARN_ABOUT_RETURN_TYPE = YES_ERROR;
				GCC_WARN_UNDECLARED_SELECTOR = YES;
				GCC_WARN_UNINITIALIZED_AUTOS = YES_AGGRESSIVE;
				GCC_WARN_UNUSED_FUNCTION = YES;
				GCC_WARN_UNUSED_VARIABLE = YES;
				IPHONEOS_DEPLOYMENT_TARGET = 10.2;
				MTL_ENABLE_DEBUG_INFO = NO;
				SDKROOT = iphoneos;
				SWIFT_OPTIMIZATION_LEVEL = "-Owholemodule";
				TARGETED_DEVICE_FAMILY = "1,2";
				VALIDATE_PRODUCT = YES;
			};
			name = Release;
		};
		B2C33F391E79DD310085BDC6 /* Debug */ = {
			isa = XCBuildConfiguration;
			buildSettings = {
				ASSETCATALOG_COMPILER_APPICON_NAME = AppIcon;
				DEVELOPMENT_TEAM = K7HCY2VAD5;
				INFOPLIST_FILE = RainbowRoad/Info.plist;
				LD_RUNPATH_SEARCH_PATHS = "$(inherited) @executable_path/Frameworks";
				PRODUCT_BUNDLE_IDENTIFIER = com.SalinStudios.RainbowRoad;
				PRODUCT_NAME = "$(TARGET_NAME)";
				SWIFT_VERSION = 3.0;
			};
			name = Debug;
		};
		B2C33F3A1E79DD310085BDC6 /* Release */ = {
			isa = XCBuildConfiguration;
			buildSettings = {
				ASSETCATALOG_COMPILER_APPICON_NAME = AppIcon;
				DEVELOPMENT_TEAM = K7HCY2VAD5;
				INFOPLIST_FILE = RainbowRoad/Info.plist;
				LD_RUNPATH_SEARCH_PATHS = "$(inherited) @executable_path/Frameworks";
				PRODUCT_BUNDLE_IDENTIFIER = com.SalinStudios.RainbowRoad;
				PRODUCT_NAME = "$(TARGET_NAME)";
				SWIFT_VERSION = 3.0;
			};
			name = Release;
		};
/* End XCBuildConfiguration section */

/* Begin XCConfigurationList section */
		B2C33F211E79DD310085BDC6 /* Build configuration list for PBXProject "RainbowRoad" */ = {
			isa = XCConfigurationList;
			buildConfigurations = (
				B2C33F361E79DD310085BDC6 /* Debug */,
				B2C33F371E79DD310085BDC6 /* Release */,
			);
			defaultConfigurationIsVisible = 0;
			defaultConfigurationName = Release;
		};
		B2C33F381E79DD310085BDC6 /* Build configuration list for PBXNativeTarget "RainbowRoad" */ = {
			isa = XCConfigurationList;
			buildConfigurations = (
				B2C33F391E79DD310085BDC6 /* Debug */,
				B2C33F3A1E79DD310085BDC6 /* Release */,
			);
			defaultConfigurationIsVisible = 0;
		};
/* End XCConfigurationList section */
	};
	rootObject = B2C33F1E1E79DD310085BDC6 /* Project object */;
}
